
Microsoft Visual Studio Solution File, Format Version 12.00
# Visual Studio Version 17
VisualStudioVersion = 17.11.35312.102
MinimumVisualStudioVersion = 10.0.40219.1
Project("{9A19103F-16F7-4668-BE54-9A1E7A4F7556}") = "OperatingSchedule", "OperatingSchedule\OperatingSchedule.csproj", "{CC4EEA7C-AE9D-441B-B81D-07DFE5D79FF8}"
EndProject
Project("{2150E333-8FDC-42A3-9474-1A3956D46DE8}") = "Solution Items", "Solution Items", "{C62DF1D8-2EC8-4254-A00C-043330062E3E}"
EndProject
Project("{8BC9CEB8-8B4A-11D0-8D11-00A0C91BC942}") = "Algorithm", "Algorithm\Algorithm.vcxproj", "{6A364446-E61D-4C9D-A982-3BBFF36267B9}"
EndProject
Global
	GlobalSection(SolutionConfigurationPlatforms) = preSolution
		Debug|Any CPU = Debug|Any CPU
		Debug|x64 = Debug|x64
		Debug|x86 = Debug|x86
		Release|Any CPU = Release|Any CPU
		Release|x64 = Release|x64
		Release|x86 = Release|x86
	EndGlobalSection
	GlobalSection(ProjectConfigurationPlatforms) = postSolution
		{CC4EEA7C-AE9D-441B-B81D-07DFE5D79FF8}.Debug|Any CPU.ActiveCfg = Debug|Any CPU
		{CC4EEA7C-AE9D-441B-B81D-07DFE5D79FF8}.Debug|Any CPU.Build.0 = Debug|Any CPU
		{CC4EEA7C-AE9D-441B-B81D-07DFE5D79FF8}.Debug|x64.ActiveCfg = Debug|Any CPU
		{CC4EEA7C-AE9D-441B-B81D-07DFE5D79FF8}.Debug|x64.Build.0 = Debug|Any CPU
		{CC4EEA7C-AE9D-441B-B81D-07DFE5D79FF8}.Debug|x86.ActiveCfg = Debug|Any CPU
		{CC4EEA7C-AE9D-441B-B81D-07DFE5D79FF8}.Debug|x86.Build.0 = Debug|Any CPU
		{CC4EEA7C-AE9D-441B-B81D-07DFE5D79FF8}.Release|Any CPU.ActiveCfg = Release|Any CPU
		{CC4EEA7C-AE9D-441B-B81D-07DFE5D79FF8}.Release|Any CPU.Build.0 = Release|Any CPU
		{CC4EEA7C-AE9D-441B-B81D-07DFE5D79FF8}.Release|x64.ActiveCfg = Release|Any CPU
		{CC4EEA7C-AE9D-441B-B81D-07DFE5D79FF8}.Release|x64.Build.0 = Release|Any CPU
		{CC4EEA7C-AE9D-441B-B81D-07DFE5D79FF8}.Release|x86.ActiveCfg = Release|Any CPU
		{CC4EEA7C-AE9D-441B-B81D-07DFE5D79FF8}.Release|x86.Build.0 = Release|Any CPU
		{6A364446-E61D-4C9D-A982-3BBFF36267B9}.Debug|Any CPU.ActiveCfg = Debug|x64
		{6A364446-E61D-4C9D-A982-3BBFF36267B9}.Debug|Any CPU.Build.0 = Debug|x64
		{6A364446-E61D-4C9D-A982-3BBFF36267B9}.Debug|x64.ActiveCfg = Debug|x64
		{6A364446-E61D-4C9D-A982-3BBFF36267B9}.Debug|x64.Build.0 = Debug|x64
		{6A364446-E61D-4C9D-A982-3BBFF36267B9}.Debug|x86.ActiveCfg = Debug|Win32
		{6A364446-E61D-4C9D-A982-3BBFF36267B9}.Debug|x86.Build.0 = Debug|Win32
		{6A364446-E61D-4C9D-A982-3BBFF36267B9}.Release|Any CPU.ActiveCfg = Release|x64
		{6A364446-E61D-4C9D-A982-3BBFF36267B9}.Release|Any CPU.Build.0 = Release|x64
		{6A364446-E61D-4C9D-A982-3BBFF36267B9}.Release|x64.ActiveCfg = Release|x64
		{6A364446-E61D-4C9D-A982-3BBFF36267B9}.Release|x64.Build.0 = Release|x64
		{6A364446-E61D-4C9D-A982-3BBFF36267B9}.Release|x86.ActiveCfg = Release|Win32
		{6A364446-E61D-4C9D-A982-3BBFF36267B9}.Release|x86.Build.0 = Release|Win32
	EndGlobalSection
	GlobalSection(SolutionProperties) = preSolution
		HideSolutionNode = FALSE
	EndGlobalSection
	GlobalSection(ExtensibilityGlobals) = postSolution
		SolutionGuid = {75285CC3-0D5D-4DB0-92A8-B6C375DB3914}
	EndGlobalSection
EndGlobal
